{
  "requires": true,
  "lockfileVersion": 1,
  "dependencies": {
    "balanced-match": {
      "version": "1.0.2",
      "resolved": "https://registry.npmmirror.com/balanced-match/-/balanced-match-1.0.2.tgz",
      "integrity": "sha512-3oSeUO0TMV67hN1AmbXsK4yaqU7tjiHlbxRDZOpH0KW9+CeX4bRAaX0Anxt0tx2MrpRpWwQaPwIlISEJhYU5Pw=="
    },
    "brace-expansion": {
      "version": "1.1.11",
      "resolved": "https://registry.npmmirror.com/brace-expansion/-/brace-expansion-1.1.11.tgz",
      "integrity": "sha512-iCuPHDFgrHX7H2vEI/5xpz07zSHB00TpugqhmYtVmMO6518mCuRMoOYFldEBl0g187ufozdaHgWKcYFb61qGiA==",
      "requires": {
        "balanced-match": "^1.0.0",
        "concat-map": "0.0.1"
      }
    },
    "concat-map": {
      "version": "0.0.1",
      "resolved": "https://registry.npmmirror.com/concat-map/-/concat-map-0.0.1.tgz",
      "integrity": "sha512-/Srv4dswyQNBfohGpz9o6Yb3Gz3SrUDqBH5rTuhGR7ahtlbYKnVxw2bCFMRljaA7EXHaXZ8wsHdodFvbkhKmqg=="
    },
    "daggy": {
      "version": "0.0.1",
      "resolved": "https://registry.npmmirror.com/daggy/-/daggy-0.0.1.tgz",
      "integrity": "sha512-zMSxQ1O+9xx1CyvUP2Z2cdD+o6zB3nyInl+UcwTIq08gK704hLZkHK+ZU9boyrk8nBCIUxpZF7aXbys3BTr+rQ=="
    },
    "fantasy-identities": {
      "version": "0.0.1",
      "resolved": "https://registry.npmmirror.com/fantasy-identities/-/fantasy-identities-0.0.1.tgz",
      "integrity": "sha512-r3CfTXwBDO8qojCZpHbMnxjLgLxq6bsQnNrFCbWK2fsKVhwCl6lAkT07P32sU8ak1x11iYhiIiipBhni1deCaQ==",
      "requires": {
        "daggy": "0.0.1"
      }
    },
    "folktale": {
      "version": "2.3.2",
      "resolved": "https://registry.npmmirror.com/folktale/-/folktale-2.3.2.tgz",
      "integrity": "sha512-+8GbtQBwEqutP0v3uajDDoN64K2ehmHd0cjlghhxh0WpcfPzAIjPA03e1VvHlxL02FVGR0A6lwXsNQKn3H1RNQ=="
    },
    "fs.realpath": {
      "version": "1.0.0",
      "resolved": "https://registry.npmmirror.com/fs.realpath/-/fs.realpath-1.0.0.tgz",
      "integrity": "sha512-OO0pH2lK6a0hZnAdau5ItzHPI6pUlvI7jMVnxUQRtw4owF2wk8lOSabtGDCTP4Ggrg2MbGnWO9X8K1t4+fGMDw=="
    },
    "gitbook-plugin-summary": {
      "version": "1.1.0",
      "resolved": "https://registry.npmmirror.com/gitbook-plugin-summary/-/gitbook-plugin-summary-1.1.0.tgz",
      "integrity": "sha512-tT+usaVc7mDLpqK2QqvBZNXUDXbom/0/OVIhAkB+cUwdaJwWCW9ViBY8TxtI1PnxJIrbfGHNAY+zvWNNx6dIrw==",
      "requires": {
        "fantasy-identities": "0.0.1",
        "folktale": "^2.3.2",
        "glob": "^7.1.6",
        "immutable": "^3.8.2",
        "immutable-ext": "^1.1.5",
        "markdown-parser": "0.0.8"
      }
    },
    "gitbook-plugin-theme-comscore": {
      "version": "0.0.3",
      "resolved": "https://registry.npmmirror.com/gitbook-plugin-theme-comscore/-/gitbook-plugin-theme-comscore-0.0.3.tgz",
      "integrity": "sha512-GNxYW3n10Pa6EAGx+7+dDVcyf7VambzyO6Mt5Y3x62fntyIOQWtqX46RgMZuhHbOtIeN/BR6T0DKlwoeUhmY0w=="
    },
    "gitbook-plugin-toggle-chapters": {
      "version": "0.0.3",
      "resolved": "https://registry.npmmirror.com/gitbook-plugin-toggle-chapters/-/gitbook-plugin-toggle-chapters-0.0.3.tgz",
      "integrity": "sha512-JH9sPqsGnsF6iO2QetOPZUBTH6LUBomEx1npilZ5irIrfN8YBVXxsox72X13U3xEH0CupwWNVh+ivVKtnc8cLg=="
    },
    "glob": {
      "version": "7.2.3",
      "resolved": "https://registry.npmmirror.com/glob/-/glob-7.2.3.tgz",
      "integrity": "sha512-nFR0zLpU2YCaRxwoCJvL6UvCH2JFyFVIvwTLsIf21AuHlMskA1hhTdk+LlYJtOlYt9v6dvszD2BGRqBL+iQK9Q==",
      "requires": {
        "fs.realpath": "^1.0.0",
        "inflight": "^1.0.4",
        "inherits": "2",
        "minimatch": "^3.1.1",
        "once": "^1.3.0",
        "path-is-absolute": "^1.0.0"
      }
    },
    "immutable": {
      "version": "3.8.2",
      "resolved": "https://registry.npmmirror.com/immutable/-/immutable-3.8.2.tgz",
      "integrity": "sha512-15gZoQ38eYjEjxkorfbcgBKBL6R7T459OuK+CpcWt7O3KF4uPCx2tD0uFETlUDIyo+1789crbMhTvQBSR5yBMg=="
    },
    "immutable-ext": {
      "version": "1.1.5",
      "resolved": "https://registry.npmmirror.com/immutable-ext/-/immutable-ext-1.1.5.tgz",
      "integrity": "sha512-VU5mTRGNVeI7riw2WJ+C6CMGy84HwireCpNpwCOJbvDNFakm77f3/7/FiOqiHfPxHHBQMzZFaCrybXSSVj6x5Q=="
    },
    "inflight": {
      "version": "1.0.6",
      "resolved": "https://registry.npmmirror.com/inflight/-/inflight-1.0.6.tgz",
      "integrity": "sha512-k92I/b08q4wvFscXCLvqfsHCrjrF7yiXsQuIVvVE7N82W3+aqpzuUdBbfhWcy/FZR3/4IgflMgKLOsvPDrGCJA==",
      "requires": {
        "once": "^1.3.0",
        "wrappy": "1"
      }
    },
    "inherits": {
      "version": "2.0.4",
      "resolved": "https://registry.npmmirror.com/inherits/-/inherits-2.0.4.tgz",
      "integrity": "sha512-k/vGaX4/Yla3WzyMCvTQOXYeIHvqOKtnqBduzTHpzpQZzAskKMhZ2K+EnBiSM9zGSoIFeMpXKxa4dYeZIQqewQ=="
    },
    "markdown-parser": {
      "version": "0.0.8",
      "resolved": "https://registry.npmmirror.com/markdown-parser/-/markdown-parser-0.0.8.tgz",
      "integrity": "sha512-NgGA5NFm5qSQRNjRsL71UXdxc1Cif0mkMuj3GvXfYOMuCj5LH7hig96n8IakimqGLgf6md0Kz27QWNoAzVgf7A=="
    },
    "minimatch": {
      "version": "3.1.2",
      "resolved": "https://registry.npmmirror.com/minimatch/-/minimatch-3.1.2.tgz",
      "integrity": "sha512-J7p63hRiAjw1NDEww1W7i37+ByIrOWO5XQQAzZ3VOcL0PNybwpfmV/N05zFAzwQ9USyEcX6t3UO+K5aqBQOIHw==",
      "requires": {
        "brace-expansion": "^1.1.7"
      }
    },
    "once": {
      "version": "1.4.0",
      "resolved": "https://registry.npmmirror.com/once/-/once-1.4.0.tgz",
      "integrity": "sha512-lNaJgI+2Q5URQBkccEKHTQOPaXdUxnZZElQTZY0MFUAuaEqe1E+Nyvgdz/aIyNi6Z9MzO5dv1H8n58/GELp3+w==",
      "requires": {
        "wrappy": "1"
      }
    },
    "path-is-absolute": {
      "version": "1.0.1",
      "resolved": "https://registry.npmmirror.com/path-is-absolute/-/path-is-absolute-1.0.1.tgz",
      "integrity": "sha512-AVbw3UJ2e9bq64vSaS9Am0fje1Pa8pbGqTTsmXfaIiMpnr5DlDhfJOuLj9Sf95ZPVDAUerDfEk88MPmPe7UCQg=="
    },
    "wrappy": {
      "version": "1.0.2",
      "resolved": "https://registry.npmmirror.com/wrappy/-/wrappy-1.0.2.tgz",
      "integrity": "sha512-l4Sp/DRseor9wL6EvV2+TuQn63dMkPjZ/sp9XkghTEbV9KlPS1xUsZ3u7/IQO4wxtcFB4bgpQPRcR3QCvezPcQ=="
    }
  }
}
